
Microsoft Visual Studio Solution File, Format Version 12.00
# Visual Studio Version 17
VisualStudioVersion = 17.3.32929.385
MinimumVisualStudioVersion = 10.0.40219.1
Project("{FAE04EC0-301F-11D3-BF4B-00C04F79EFBC}") = "SrtToLrcConverterSimple", "SrtToLrcConverterSimple.csproj", "{2712BA68-0DB4-44C8-8766-93DCE225031C}"
EndProject
Global
	GlobalSection(SolutionConfigurationPlatforms) = preSolution
		Debug|Any CPU = Debug|Any CPU
		Release|Any CPU = Release|Any CPU
	EndGlobalSection
	GlobalSection(ProjectConfigurationPlatforms) = postSolution
		{2712BA68-0DB4-44C8-8766-93DCE225031C}.Debug|Any CPU.ActiveCfg = Debug|Any CPU
		{2712BA68-0DB4-44C8-8766-93DCE225031C}.Debug|Any CPU.Build.0 = Debug|Any CPU
		{2712BA68-0DB4-44C8-8766-93DCE225031C}.Release|Any CPU.ActiveCfg = Release|Any CPU
		{2712BA68-0DB4-44C8-8766-93DCE225031C}.Release|Any CPU.Build.0 = Release|Any CPU
	EndGlobalSection
	GlobalSection(SolutionProperties) = preSolution
		HideSolutionNode = FALSE
	EndGlobalSection
	GlobalSection(ExtensibilityGlobals) = postSolution
		SolutionGuid = {CAD73A7F-DE9B-4669-949E-7A1FC0513464}
	EndGlobalSection
EndGlobal
